
Microsoft Visual Studio Solution File, Format Version 12.00
# Visual Studio Version 17
VisualStudioVersion = 17.0.31903.59
MinimumVisualStudioVersion = 10.0.40219.1
Project("{FAE04EC0-301F-11D3-BF4B-00C04F79EFBC}") = "KrzychuPilot.API", "KrzychuPilot.API\KrzychuPilot.API.csproj", "{689C7A1C-06BA-47EF-A92F-D81A81A410D2}"
EndProject
Project("{FAE04EC0-301F-11D3-BF4B-00C04F79EFBC}") = "KrzychuPilot.Application", "KrzychuPilot.Application\KrzychuPilot.Application.csproj", "{4BC5CF29-D118-4813-8DA8-F556EBEA0101}"
EndProject
Project("{FAE04EC0-301F-11D3-BF4B-00C04F79EFBC}") = "KrzychuPilot.Domain", "KrzychuPilot.Domain\KrzychuPilot.Domain.csproj", "{CF53764A-5455-436D-AAAC-41E42D2ED298}"
EndProject
Project("{FAE04EC0-301F-11D3-BF4B-00C04F79EFBC}") = "KrzychuPilot.Infrastructure", "KrzychuPilot.Infrastructure\KrzychuPilot.Infrastructure.csproj", "{AC8B6DD0-D537-4D1B-9BFA-3FBFF9EBF030}"
EndProject
Global
	GlobalSection(SolutionConfigurationPlatforms) = preSolution
		Debug|Any CPU = Debug|Any CPU
		Debug|x64 = Debug|x64
		Debug|x86 = Debug|x86
		Release|Any CPU = Release|Any CPU
		Release|x64 = Release|x64
		Release|x86 = Release|x86
	EndGlobalSection
	GlobalSection(ProjectConfigurationPlatforms) = postSolution
		{689C7A1C-06BA-47EF-A92F-D81A81A410D2}.Debug|Any CPU.ActiveCfg = Debug|Any CPU
		{689C7A1C-06BA-47EF-A92F-D81A81A410D2}.Debug|Any CPU.Build.0 = Debug|Any CPU
		{689C7A1C-06BA-47EF-A92F-D81A81A410D2}.Debug|x64.ActiveCfg = Debug|Any CPU
		{689C7A1C-06BA-47EF-A92F-D81A81A410D2}.Debug|x64.Build.0 = Debug|Any CPU
		{689C7A1C-06BA-47EF-A92F-D81A81A410D2}.Debug|x86.ActiveCfg = Debug|Any CPU
		{689C7A1C-06BA-47EF-A92F-D81A81A410D2}.Debug|x86.Build.0 = Debug|Any CPU
		{689C7A1C-06BA-47EF-A92F-D81A81A410D2}.Release|Any CPU.ActiveCfg = Release|Any CPU
		{689C7A1C-06BA-47EF-A92F-D81A81A410D2}.Release|Any CPU.Build.0 = Release|Any CPU
		{689C7A1C-06BA-47EF-A92F-D81A81A410D2}.Release|x64.ActiveCfg = Release|Any CPU
		{689C7A1C-06BA-47EF-A92F-D81A81A410D2}.Release|x64.Build.0 = Release|Any CPU
		{689C7A1C-06BA-47EF-A92F-D81A81A410D2}.Release|x86.ActiveCfg = Release|Any CPU
		{689C7A1C-06BA-47EF-A92F-D81A81A410D2}.Release|x86.Build.0 = Release|Any CPU
		{4BC5CF29-D118-4813-8DA8-F556EBEA0101}.Debug|Any CPU.ActiveCfg = Debug|Any CPU
		{4BC5CF29-D118-4813-8DA8-F556EBEA0101}.Debug|Any CPU.Build.0 = Debug|Any CPU
		{4BC5CF29-D118-4813-8DA8-F556EBEA0101}.Debug|x64.ActiveCfg = Debug|Any CPU
		{4BC5CF29-D118-4813-8DA8-F556EBEA0101}.Debug|x64.Build.0 = Debug|Any CPU
		{4BC5CF29-D118-4813-8DA8-F556EBEA0101}.Debug|x86.ActiveCfg = Debug|Any CPU
		{4BC5CF29-D118-4813-8DA8-F556EBEA0101}.Debug|x86.Build.0 = Debug|Any CPU
		{4BC5CF29-D118-4813-8DA8-F556EBEA0101}.Release|Any CPU.ActiveCfg = Release|Any CPU
		{4BC5CF29-D118-4813-8DA8-F556EBEA0101}.Release|Any CPU.Build.0 = Release|Any CPU
		{4BC5CF29-D118-4813-8DA8-F556EBEA0101}.Release|x64.ActiveCfg = Release|Any CPU
		{4BC5CF29-D118-4813-8DA8-F556EBEA0101}.Release|x64.Build.0 = Release|Any CPU
		{4BC5CF29-D118-4813-8DA8-F556EBEA0101}.Release|x86.ActiveCfg = Release|Any CPU
		{4BC5CF29-D118-4813-8DA8-F556EBEA0101}.Release|x86.Build.0 = Release|Any CPU
		{CF53764A-5455-436D-AAAC-41E42D2ED298}.Debug|Any CPU.ActiveCfg = Debug|Any CPU
		{CF53764A-5455-436D-AAAC-41E42D2ED298}.Debug|Any CPU.Build.0 = Debug|Any CPU
		{CF53764A-5455-436D-AAAC-41E42D2ED298}.Debug|x64.ActiveCfg = Debug|Any CPU
		{CF53764A-5455-436D-AAAC-41E42D2ED298}.Debug|x64.Build.0 = Debug|Any CPU
		{CF53764A-5455-436D-AAAC-41E42D2ED298}.Debug|x86.ActiveCfg = Debug|Any CPU
		{CF53764A-5455-436D-AAAC-41E42D2ED298}.Debug|x86.Build.0 = Debug|Any CPU
		{CF53764A-5455-436D-AAAC-41E42D2ED298}.Release|Any CPU.ActiveCfg = Release|Any CPU
		{CF53764A-5455-436D-AAAC-41E42D2ED298}.Release|Any CPU.Build.0 = Release|Any CPU
		{CF53764A-5455-436D-AAAC-41E42D2ED298}.Release|x64.ActiveCfg = Release|Any CPU
		{CF53764A-5455-436D-AAAC-41E42D2ED298}.Release|x64.Build.0 = Release|Any CPU
		{CF53764A-5455-436D-AAAC-41E42D2ED298}.Release|x86.ActiveCfg = Release|Any CPU
		{CF53764A-5455-436D-AAAC-41E42D2ED298}.Release|x86.Build.0 = Release|Any CPU
		{AC8B6DD0-D537-4D1B-9BFA-3FBFF9EBF030}.Debug|Any CPU.ActiveCfg = Debug|Any CPU
		{AC8B6DD0-D537-4D1B-9BFA-3FBFF9EBF030}.Debug|Any CPU.Build.0 = Debug|Any CPU
		{AC8B6DD0-D537-4D1B-9BFA-3FBFF9EBF030}.Debug|x64.ActiveCfg = Debug|Any CPU
		{AC8B6DD0-D537-4D1B-9BFA-3FBFF9EBF030}.Debug|x64.Build.0 = Debug|Any CPU
		{AC8B6DD0-D537-4D1B-9BFA-3FBFF9EBF030}.Debug|x86.ActiveCfg = Debug|Any CPU
		{AC8B6DD0-D537-4D1B-9BFA-3FBFF9EBF030}.Debug|x86.Build.0 = Debug|Any CPU
		{AC8B6DD0-D537-4D1B-9BFA-3FBFF9EBF030}.Release|Any CPU.ActiveCfg = Release|Any CPU
		{AC8B6DD0-D537-4D1B-9BFA-3FBFF9EBF030}.Release|Any CPU.Build.0 = Release|Any CPU
		{AC8B6DD0-D537-4D1B-9BFA-3FBFF9EBF030}.Release|x64.ActiveCfg = Release|Any CPU
		{AC8B6DD0-D537-4D1B-9BFA-3FBFF9EBF030}.Release|x64.Build.0 = Release|Any CPU
		{AC8B6DD0-D537-4D1B-9BFA-3FBFF9EBF030}.Release|x86.ActiveCfg = Release|Any CPU
		{AC8B6DD0-D537-4D1B-9BFA-3FBFF9EBF030}.Release|x86.Build.0 = Release|Any CPU
	EndGlobalSection
	GlobalSection(SolutionProperties) = preSolution
		HideSolutionNode = FALSE
	EndGlobalSection
	GlobalSection(ExtensibilityGlobals) = postSolution
		SolutionGuid = {F390E4E3-1882-400F-BF35-9167540C6109}
	EndGlobalSection
EndGlobal
